
Microsoft Visual Studio Solution File, Format Version 12.00
# Visual Studio Version 17
VisualStudioVersion = 17.11.35222.181
MinimumVisualStudioVersion = 10.0.40219.1
Project("{8BC9CEB8-8B4A-11D0-8D11-00A0C91BC942}") = "Project3", "Project3\Project3.vcxproj", "{82C26D0E-6C5E-43CB-AB52-FC3694AC912A}"
EndProject
Global
	GlobalSection(SolutionConfigurationPlatforms) = preSolution
		Debug|x64 = Debug|x64
		Debug|x86 = Debug|x86
		Release|x64 = Release|x64
		Release|x86 = Release|x86
	EndGlobalSection
	GlobalSection(ProjectConfigurationPlatforms) = postSolution
		{82C26D0E-6C5E-43CB-AB52-FC3694AC912A}.Debug|x64.ActiveCfg = Debug|x64
		{82C26D0E-6C5E-43CB-AB52-FC3694AC912A}.Debug|x64.Build.0 = Debug|x64
		{82C26D0E-6C5E-43CB-AB52-FC3694AC912A}.Debug|x86.ActiveCfg = Debug|Win32
		{82C26D0E-6C5E-43CB-AB52-FC3694AC912A}.Debug|x86.Build.0 = Debug|Win32
		{82C26D0E-6C5E-43CB-AB52-FC3694AC912A}.Release|x64.ActiveCfg = Release|x64
		{82C26D0E-6C5E-43CB-AB52-FC3694AC912A}.Release|x64.Build.0 = Release|x64
		{82C26D0E-6C5E-43CB-AB52-FC3694AC912A}.Release|x86.ActiveCfg = Release|Win32
		{82C26D0E-6C5E-43CB-AB52-FC3694AC912A}.Release|x86.Build.0 = Release|Win32
	EndGlobalSection
	GlobalSection(SolutionProperties) = preSolution
		HideSolutionNode = FALSE
	EndGlobalSection
	GlobalSection(ExtensibilityGlobals) = postSolution
		SolutionGuid = {65625EF8-C2E6-4E1C-9F74-D8A9299FC276}
	EndGlobalSection
EndGlobal
